{
  "lockfile_version": "1",
  "packages": {
    "biome@latest": {
      "last_modified": "2025-06-10T02:39:58Z",
      "resolved": "github:NixOS/nixpkgs/cdc68935eba9f86d155585fdf6f17af6824f38ac#biome",
      "source": "devbox-search",
      "version": "1.9.4",
      "systems": {
        "aarch64-darwin": {
          "outputs": [
            {
              "name": "out",
              "path": "/nix/store/nvq8rqd3fb2wn3zrpcf1a3l3r7jqnkw8-biome-1.9.4",
              "default": true
            }
          ],
          "store_path": "/nix/store/nvq8rqd3fb2wn3zrpcf1a3l3r7jqnkw8-biome-1.9.4"
        },
        "aarch64-linux": {
          "outputs": [
            {
              "name": "out",
              "path": "/nix/store/ix7hlipcw4jh7mw3k4ixrr4xxrc65dx6-biome-1.9.4",
              "default": true
            }
          ],
          "store_path": "/nix/store/ix7hlipcw4jh7mw3k4ixrr4xxrc65dx6-biome-1.9.4"
        },
        "x86_64-darwin": {
          "outputs": [
            {
              "name": "out",
              "path": "/nix/store/l1cix8kcvh2sqkpi6avqlmaj90csciwz-biome-1.9.4",
              "default": true
            }
          ],
          "store_path": "/nix/store/l1cix8kcvh2sqkpi6avqlmaj90csciwz-biome-1.9.4"
        },
        "x86_64-linux": {
          "outputs": [
            {
              "name": "out",
              "path": "/nix/store/j9jvcriqxsc8plb1s4pw1xigrmbsxp3p-biome-1.9.4",
              "default": true
            }
          ],
          "store_path": "/nix/store/j9jvcriqxsc8plb1s4pw1xigrmbsxp3p-biome-1.9.4"
        }
      }
    },
    "bun@latest": {
      "last_modified": "2025-05-28T23:33:38Z",
      "resolved": "github:NixOS/nixpkgs/e80506de785dc48dcfbb636c443c5e2b0b5b2d7d#bun",
      "source": "devbox-search",
      "version": "1.2.14",
      "systems": {
        "aarch64-darwin": {
          "outputs": [
            {
              "name": "out",
              "path": "/nix/store/ikn3qysjdkvmachp3m8f69scx67jkh6n-bun-1.2.14",
              "default": true
            }
          ],
          "store_path": "/nix/store/ikn3qysjdkvmachp3m8f69scx67jkh6n-bun-1.2.14"
        },
        "aarch64-linux": {
          "outputs": [
            {
              "name": "out",
              "path": "/nix/store/sxa9qfqml6bdxsbc5gfxrjdhchkqp0y6-bun-1.2.14",
              "default": true
            }
          ],
          "store_path": "/nix/store/sxa9qfqml6bdxsbc5gfxrjdhchkqp0y6-bun-1.2.14"
        },
        "x86_64-darwin": {
          "outputs": [
            {
              "name": "out",
              "path": "/nix/store/q29qja3s8q5hqnfhr7xcsv9a1xl0cvp8-bun-1.2.14",
              "default": true
            }
          ],
          "store_path": "/nix/store/q29qja3s8q5hqnfhr7xcsv9a1xl0cvp8-bun-1.2.14"
        },
        "x86_64-linux": {
          "outputs": [
            {
              "name": "out",
              "path": "/nix/store/0879ib3b0yhyg7k3ss28h093nw1xmjsx-bun-1.2.14",
              "default": true
            }
          ],
          "store_path": "/nix/store/0879ib3b0yhyg7k3ss28h093nw1xmjsx-bun-1.2.14"
        }
      }
    },
    "github:NixOS/nixpkgs/nixpkgs-unstable": {
      "last_modified": "2025-05-21T18:43:04Z",
      "resolved": "github:NixOS/nixpkgs/8c441601c43232976179eac52dde704c8bdf81ed?lastModified=1747852984&narHash=sha256-q2PmaOxyR3zqOF54a3E1Cj1gh0sDu8APX9b%2BOkX4J5s%3D"
    },
    "nodejs@22": {
      "last_modified": "2025-05-31T03:30:20Z",
      "plugin_version": "0.0.2",
      "resolved": "github:NixOS/nixpkgs/59138c7667b7970d205d6a05a8bfa2d78caa3643#nodejs_22",
      "source": "devbox-search",
      "version": "22.14.0",
      "systems": {
        "aarch64-darwin": {
          "outputs": [
            {
              "name": "out",
              "path": "/nix/store/g5bv4gi6p7ryhs2hbaryxs6ivsxa6lqc-nodejs-22.14.0",
              "default": true
            },
            {
              "name": "dev",
              "path": "/nix/store/96vpirdcns8zxdwzwl7n804012lwrf1n-nodejs-22.14.0-dev"
            },
            {
              "name": "libv8",
              "path": "/nix/store/xph2837xqjnra80mqlk64xp7vb3kkqxs-nodejs-22.14.0-libv8"
            }
          ],
          "store_path": "/nix/store/g5bv4gi6p7ryhs2hbaryxs6ivsxa6lqc-nodejs-22.14.0"
        },
        "aarch64-linux": {
          "outputs": [
            {
              "name": "out",
              "path": "/nix/store/cwb781xbp70f72njqh8vhvbsf1xq87i5-nodejs-22.14.0",
              "default": true
            },
            {
              "name": "dev",
              "path": "/nix/store/0w5mql46am2qai707a42q983l44l1h9z-nodejs-22.14.0-dev"
            },
            {
              "name": "libv8",
              "path": "/nix/store/vy56lahz381ayvw3hym3wj4r4ggv7gbk-nodejs-22.14.0-libv8"
            }
          ],
          "store_path": "/nix/store/cwb781xbp70f72njqh8vhvbsf1xq87i5-nodejs-22.14.0"
        },
        "x86_64-darwin": {
          "outputs": [
            {
              "name": "out",
              "path": "/nix/store/086zjv14ipka2vbpgwil3xyvi5ml4vh3-nodejs-22.14.0",
              "default": true
            },
            {
              "name": "dev",
              "path": "/nix/store/24n01nfvy908pwzwpgsl0k4227187i7i-nodejs-22.14.0-dev"
            },
            {
              "name": "libv8",
              "path": "/nix/store/jiwk0in1wk85crn9vp03gg937gbh1s0w-nodejs-22.14.0-libv8"
            }
          ],
          "store_path": "/nix/store/086zjv14ipka2vbpgwil3xyvi5ml4vh3-nodejs-22.14.0"
        },
        "x86_64-linux": {
          "outputs": [
            {
              "name": "out",
              "path": "/nix/store/c8jxsih8yy2rnncdmx2hyraizf689nvp-nodejs-22.14.0",
              "default": true
            },
            {
              "name": "libv8",
              "path": "/nix/store/s8gnrgh9hgnbkrc1wrn21d6zvkbvm9vi-nodejs-22.14.0-libv8"
            },
            {
              "name": "dev",
              "path": "/nix/store/xw8c1c0inxq3xl1d7axz19vq8c05kjk5-nodejs-22.14.0-dev"
            }
          ],
          "store_path": "/nix/store/c8jxsih8yy2rnncdmx2hyraizf689nvp-nodejs-22.14.0"
        }
      }
    }
  }
}
