{
  "lockfile_version": "1",
  "packages": {
    "github:NixOS/nixpkgs/nixpkgs-unstable": {
      "last_modified": "2025-09-28T05:12:35Z",
      "resolved": "github:NixOS/nixpkgs/e9f00bd893984bc8ce46c895c3bf7cac95331127?lastModified=1759036355&narHash=sha256-0m27AKv6ka%2Bq270dw48KflE0LwQYrO7Fm4%2F2%2F%2FKCVWg%3D"
    },
    "nodejs@20": {
      "last_modified": "2025-09-21T09:21:16Z",
      "plugin_version": "0.0.2",
      "resolved": "github:NixOS/nixpkgs/a1f79a1770d05af18111fbbe2a3ab2c42c0f6cd0#nodejs_20",
      "source": "devbox-search",
      "version": "20.19.5",
      "systems": {
        "aarch64-darwin": {
          "outputs": [
            {
              "name": "out",
              "path": "/nix/store/c1i3piipnvl1jg8vv4jhgb8x0m032wxh-nodejs-20.19.5",
              "default": true
            },
            {
              "name": "dev",
              "path": "/nix/store/2awbm76f2sr7s03g8n20h6nhm10ygykf-nodejs-20.19.5-dev"
            },
            {
              "name": "libv8",
              "path": "/nix/store/mmd275vh5z761axp7aa86j6l6bpy5i1m-nodejs-20.19.5-libv8"
            }
          ],
          "store_path": "/nix/store/c1i3piipnvl1jg8vv4jhgb8x0m032wxh-nodejs-20.19.5"
        },
        "aarch64-linux": {
          "outputs": [
            {
              "name": "out",
              "path": "/nix/store/1cjddb0jcrdyfyv2b5r9jlqa57f54bm6-nodejs-20.19.5",
              "default": true
            },
            {
              "name": "dev",
              "path": "/nix/store/3n6v93iaiwxdnxc3fa8v6zyrnzn6zq1d-nodejs-20.19.5-dev"
            },
            {
              "name": "libv8",
              "path": "/nix/store/fary15b8xxhfda7zzh0jpm9d3067nwmv-nodejs-20.19.5-libv8"
            }
          ],
          "store_path": "/nix/store/1cjddb0jcrdyfyv2b5r9jlqa57f54bm6-nodejs-20.19.5"
        },
        "x86_64-darwin": {
          "outputs": [
            {
              "name": "out",
              "path": "/nix/store/pdrrgvlm1ixpwhzzqcakfxhwry2fknv4-nodejs-20.19.5",
              "default": true
            },
            {
              "name": "dev",
              "path": "/nix/store/c0kf2mhpgwn0f558frp73ci70srazgnz-nodejs-20.19.5-dev"
            },
            {
              "name": "libv8",
              "path": "/nix/store/2lb6gxx66agqsxxigcljf2h98msczxhk-nodejs-20.19.5-libv8"
            }
          ],
          "store_path": "/nix/store/pdrrgvlm1ixpwhzzqcakfxhwry2fknv4-nodejs-20.19.5"
        },
        "x86_64-linux": {
          "outputs": [
            {
              "name": "out",
              "path": "/nix/store/z83yrxjf8abxz2m0vf6ic8cbaqsil0kp-nodejs-20.19.5",
              "default": true
            },
            {
              "name": "dev",
              "path": "/nix/store/s2cz8r7qjan8lj5hbfpcvk8clynn23b3-nodejs-20.19.5-dev"
            },
            {
              "name": "libv8",
              "path": "/nix/store/kxykq3pgpd5k57qrbjxhcapigrxj1zgj-nodejs-20.19.5-libv8"
            }
          ],
          "store_path": "/nix/store/z83yrxjf8abxz2m0vf6ic8cbaqsil0kp-nodejs-20.19.5"
        }
      }
    }
  }
}
